
Microsoft Visual Studio Solution File, Format Version 12.00
# Visual Studio 14
VisualStudioVersion = 14.0.25420.1
MinimumVisualStudioVersion = 10.0.40219.1
Project("{FAE04EC0-301F-11D3-BF4B-00C04F79EFBC}") = "RutokenPkcs11Interop.Samples.Common", "RutokenPkcs11Interop.Samples.Common\RutokenPkcs11Interop.Samples.Common.csproj", "{03C8C426-55A4-4D09-B356-B8A78E54ED76}"
EndProject
Project("{FAE04EC0-301F-11D3-BF4B-00C04F79EFBC}") = "PKIExtensions.CreateCSR-PKCS10", "PKIExtensions.CreateCSR-PKCS10\PKIExtensions.CreateCSR-PKCS10.csproj", "{7DA1AA7E-B1BA-4990-86D7-4E4D271983BA}"
EndProject
Project("{FAE04EC0-301F-11D3-BF4B-00C04F79EFBC}") = "PKIExtensions.DeleteObjects", "PKIExtensions.DeleteObjects\PKIExtensions.DeleteObjects.csproj", "{298825AE-738E-428A-A71B-13D47C7A40CF}"
EndProject
Project("{FAE04EC0-301F-11D3-BF4B-00C04F79EFBC}") = "PKIExtensions.GetCertificateInfo", "PKIExtensions.GetCertificateInfo\PKIExtensions.GetCertificateInfo.csproj", "{CDB3975B-BA6E-4F3D-957E-DA29F5CC586E}"
EndProject
Project("{FAE04EC0-301F-11D3-BF4B-00C04F79EFBC}") = "PKIExtensions.ImportCertificate", "PKIExtensions.ImportCertificate\PKIExtensions.ImportCertificate.csproj", "{4E774DB9-7495-48EC-9278-58225423AA2E}"
EndProject
Project("{FAE04EC0-301F-11D3-BF4B-00C04F79EFBC}") = "PKIExtensions.SignPKCS7", "PKIExtensions.SignPKCS7\PKIExtensions.SignPKCS7.csproj", "{CF0AF5B8-BCC3-4603-BB3B-DF159FA122CC}"
EndProject
Project("{FAE04EC0-301F-11D3-BF4B-00C04F79EFBC}") = "PKIExtensions.CreateCSR-PKCS10-2012", "PKIExtensions.CreateCSR-PKCS10-2012\PKIExtensions.CreateCSR-PKCS10-2012.csproj", "{9BF9893E-8CDC-484C-B10D-DBC81D0EBFD4}"
EndProject
Project("{FAE04EC0-301F-11D3-BF4B-00C04F79EFBC}") = "PKIExtensions.DeleteObjects-2012", "PKIExtensions.DeleteObjects-2012\PKIExtensions.DeleteObjects-2012.csproj", "{66402EFA-7564-4481-8E19-5E7890FB07BC}"
EndProject
Project("{FAE04EC0-301F-11D3-BF4B-00C04F79EFBC}") = "PKIExtensions.GetCertificateInfo-2012", "PKIExtensions.GetCertificateInfo-2012\PKIExtensions.GetCertificateInfo-2012.csproj", "{16EF2121-00DE-4107-90E2-2B2F59912360}"
EndProject
Project("{FAE04EC0-301F-11D3-BF4B-00C04F79EFBC}") = "PKIExtensions.ImportCertificate-2012", "PKIExtensions.ImportCertificate-2012\PKIExtensions.ImportCertificate-2012.csproj", "{089DF5A3-FCB6-48C6-BFDD-20CD918775F7}"
EndProject
Project("{FAE04EC0-301F-11D3-BF4B-00C04F79EFBC}") = "PKIExtensions.SignPKCS7-2012", "PKIExtensions.SignPKCS7-2012\PKIExtensions.SignPKCS7-2012.csproj", "{E0D276C2-DE59-496B-BA52-7EA8080DD160}"
EndProject
Global
	GlobalSection(SolutionConfigurationPlatforms) = preSolution
		Debug|Any CPU = Debug|Any CPU
		Release|Any CPU = Release|Any CPU
	EndGlobalSection
	GlobalSection(ProjectConfigurationPlatforms) = postSolution
		{03C8C426-55A4-4D09-B356-B8A78E54ED76}.Debug|Any CPU.ActiveCfg = Debug|Any CPU
		{03C8C426-55A4-4D09-B356-B8A78E54ED76}.Debug|Any CPU.Build.0 = Debug|Any CPU
		{03C8C426-55A4-4D09-B356-B8A78E54ED76}.Release|Any CPU.ActiveCfg = Release|Any CPU
		{03C8C426-55A4-4D09-B356-B8A78E54ED76}.Release|Any CPU.Build.0 = Release|Any CPU
		{7DA1AA7E-B1BA-4990-86D7-4E4D271983BA}.Debug|Any CPU.ActiveCfg = Debug|Any CPU
		{7DA1AA7E-B1BA-4990-86D7-4E4D271983BA}.Debug|Any CPU.Build.0 = Debug|Any CPU
		{7DA1AA7E-B1BA-4990-86D7-4E4D271983BA}.Release|Any CPU.ActiveCfg = Release|Any CPU
		{7DA1AA7E-B1BA-4990-86D7-4E4D271983BA}.Release|Any CPU.Build.0 = Release|Any CPU
		{298825AE-738E-428A-A71B-13D47C7A40CF}.Debug|Any CPU.ActiveCfg = Debug|Any CPU
		{298825AE-738E-428A-A71B-13D47C7A40CF}.Debug|Any CPU.Build.0 = Debug|Any CPU
		{298825AE-738E-428A-A71B-13D47C7A40CF}.Release|Any CPU.ActiveCfg = Release|Any CPU
		{298825AE-738E-428A-A71B-13D47C7A40CF}.Release|Any CPU.Build.0 = Release|Any CPU
		{CDB3975B-BA6E-4F3D-957E-DA29F5CC586E}.Debug|Any CPU.ActiveCfg = Debug|Any CPU
		{CDB3975B-BA6E-4F3D-957E-DA29F5CC586E}.Debug|Any CPU.Build.0 = Debug|Any CPU
		{CDB3975B-BA6E-4F3D-957E-DA29F5CC586E}.Release|Any CPU.ActiveCfg = Release|Any CPU
		{CDB3975B-BA6E-4F3D-957E-DA29F5CC586E}.Release|Any CPU.Build.0 = Release|Any CPU
		{4E774DB9-7495-48EC-9278-58225423AA2E}.Debug|Any CPU.ActiveCfg = Debug|Any CPU
		{4E774DB9-7495-48EC-9278-58225423AA2E}.Debug|Any CPU.Build.0 = Debug|Any CPU
		{4E774DB9-7495-48EC-9278-58225423AA2E}.Release|Any CPU.ActiveCfg = Release|Any CPU
		{4E774DB9-7495-48EC-9278-58225423AA2E}.Release|Any CPU.Build.0 = Release|Any CPU
		{CF0AF5B8-BCC3-4603-BB3B-DF159FA122CC}.Debug|Any CPU.ActiveCfg = Debug|Any CPU
		{CF0AF5B8-BCC3-4603-BB3B-DF159FA122CC}.Debug|Any CPU.Build.0 = Debug|Any CPU
		{CF0AF5B8-BCC3-4603-BB3B-DF159FA122CC}.Release|Any CPU.ActiveCfg = Release|Any CPU
		{CF0AF5B8-BCC3-4603-BB3B-DF159FA122CC}.Release|Any CPU.Build.0 = Release|Any CPU
		{9BF9893E-8CDC-484C-B10D-DBC81D0EBFD4}.Debug|Any CPU.ActiveCfg = Debug|Any CPU
		{9BF9893E-8CDC-484C-B10D-DBC81D0EBFD4}.Debug|Any CPU.Build.0 = Debug|Any CPU
		{9BF9893E-8CDC-484C-B10D-DBC81D0EBFD4}.Release|Any CPU.ActiveCfg = Release|Any CPU
		{9BF9893E-8CDC-484C-B10D-DBC81D0EBFD4}.Release|Any CPU.Build.0 = Release|Any CPU
		{66402EFA-7564-4481-8E19-5E7890FB07BC}.Debug|Any CPU.ActiveCfg = Debug|Any CPU
		{66402EFA-7564-4481-8E19-5E7890FB07BC}.Debug|Any CPU.Build.0 = Debug|Any CPU
		{66402EFA-7564-4481-8E19-5E7890FB07BC}.Release|Any CPU.ActiveCfg = Release|Any CPU
		{66402EFA-7564-4481-8E19-5E7890FB07BC}.Release|Any CPU.Build.0 = Release|Any CPU
		{16EF2121-00DE-4107-90E2-2B2F59912360}.Debug|Any CPU.ActiveCfg = Debug|Any CPU
		{16EF2121-00DE-4107-90E2-2B2F59912360}.Debug|Any CPU.Build.0 = Debug|Any CPU
		{16EF2121-00DE-4107-90E2-2B2F59912360}.Release|Any CPU.ActiveCfg = Release|Any CPU
		{16EF2121-00DE-4107-90E2-2B2F59912360}.Release|Any CPU.Build.0 = Release|Any CPU
		{089DF5A3-FCB6-48C6-BFDD-20CD918775F7}.Debug|Any CPU.ActiveCfg = Debug|Any CPU
		{089DF5A3-FCB6-48C6-BFDD-20CD918775F7}.Debug|Any CPU.Build.0 = Debug|Any CPU
		{089DF5A3-FCB6-48C6-BFDD-20CD918775F7}.Release|Any CPU.ActiveCfg = Release|Any CPU
		{089DF5A3-FCB6-48C6-BFDD-20CD918775F7}.Release|Any CPU.Build.0 = Release|Any CPU
		{E0D276C2-DE59-496B-BA52-7EA8080DD160}.Debug|Any CPU.ActiveCfg = Debug|Any CPU
		{E0D276C2-DE59-496B-BA52-7EA8080DD160}.Debug|Any CPU.Build.0 = Debug|Any CPU
		{E0D276C2-DE59-496B-BA52-7EA8080DD160}.Release|Any CPU.ActiveCfg = Release|Any CPU
		{E0D276C2-DE59-496B-BA52-7EA8080DD160}.Release|Any CPU.Build.0 = Release|Any CPU
	EndGlobalSection
	GlobalSection(SolutionProperties) = preSolution
		HideSolutionNode = FALSE
	EndGlobalSection
EndGlobal
