
Microsoft Visual Studio Solution File, Format Version 12.00
# Visual Studio 14
VisualStudioVersion = 14.0.25420.1
MinimumVisualStudioVersion = 10.0.40219.1
Project("{FAE04EC0-301F-11D3-BF4B-00C04F79EFBC}") = "Standard.CreateGOST28147-89", "Standard.CreateGOST28147-89\Standard.CreateGOST28147-89.csproj", "{C2278E5B-387A-4BB1-A578-D3611DBC1D9B}"
EndProject
Project("{FAE04EC0-301F-11D3-BF4B-00C04F79EFBC}") = "RutokenPkcs11Interop.Samples.Common", "RutokenPkcs11Interop.Samples.Common\RutokenPkcs11Interop.Samples.Common.csproj", "{03C8C426-55A4-4D09-B356-B8A78E54ED76}"
EndProject
Project("{FAE04EC0-301F-11D3-BF4B-00C04F79EFBC}") = "Standard.CreateGOST34.10-2001", "Standard.CreateGOST34.10-2001\Standard.CreateGOST34.10-2001.csproj", "{9E93BA7E-4A78-4694-8421-C83E74052186}"
EndProject
Project("{FAE04EC0-301F-11D3-BF4B-00C04F79EFBC}") = "Standard.CreateGOST34.10-2012-512", "Standard.CreateGOST34.10-2012-512\Standard.CreateGOST34.10-2012-512.csproj", "{AEA7AE07-6CB6-415F-9066-DEC2E429676E}"
EndProject
Project("{FAE04EC0-301F-11D3-BF4B-00C04F79EFBC}") = "Standard.CreateRSA", "Standard.CreateRSA\Standard.CreateRSA.csproj", "{09E6C1C3-63AE-464F-91CD-93BB3AFB95DE}"
EndProject
Project("{FAE04EC0-301F-11D3-BF4B-00C04F79EFBC}") = "Standard.DeleteGOST28147-89", "Standard.DeleteGOST28147-89\Standard.DeleteGOST28147-89.csproj", "{953BA7B4-CE90-4F74-BE71-5041A036CE8B}"
EndProject
Project("{FAE04EC0-301F-11D3-BF4B-00C04F79EFBC}") = "Standard.DeleteGOST34.10-2001", "Standard.DeleteGOST34.10-2001\Standard.DeleteGOST34.10-2001.csproj", "{013198E9-2B8F-46F6-BEC3-47326260840B}"
EndProject
Project("{FAE04EC0-301F-11D3-BF4B-00C04F79EFBC}") = "Standard.DeleteGOST34.10-2012-512", "Standard.DeleteGOST34.10-2012-512\Standard.DeleteGOST34.10-2012-512.csproj", "{B041B48B-1A83-4B8B-834D-E551C6F90307}"
EndProject
Project("{FAE04EC0-301F-11D3-BF4B-00C04F79EFBC}") = "Standard.DeleteRSA", "Standard.DeleteRSA\Standard.DeleteRSA.csproj", "{87570835-9462-4E95-9099-CF7BC419E574}"
EndProject
Project("{FAE04EC0-301F-11D3-BF4B-00C04F79EFBC}") = "Standard.EncDecGOST28147-89", "Standard.EncDecGOST28147-89\Standard.EncDecGOST28147-89.csproj", "{A3FB4188-01BB-45A6-9700-5545BB1923B1}"
EndProject
Project("{FAE04EC0-301F-11D3-BF4B-00C04F79EFBC}") = "Standard.EncDecGOST28147-89-CBC", "Standard.EncDecGOST28147-89-CBC\Standard.EncDecGOST28147-89-CBC.csproj", "{5C1E71AB-EC8B-4B96-B732-9CD869F80822}"
EndProject
Project("{FAE04EC0-301F-11D3-BF4B-00C04F79EFBC}") = "Standard.EncDecGOST28147-89-Stream", "Standard.EncDecGOST28147-89-Stream\Standard.EncDecGOST28147-89-Stream.csproj", "{E3DE1E62-3C0A-4C45-AC18-1DA7CDBD84FE}"
EndProject
Project("{FAE04EC0-301F-11D3-BF4B-00C04F79EFBC}") = "Standard.EncDecRSA", "Standard.EncDecRSA\Standard.EncDecRSA.csproj", "{2E1927DB-477F-4607-B0CC-BE592FC01BE9}"
EndProject
Project("{FAE04EC0-301F-11D3-BF4B-00C04F79EFBC}") = "Standard.HashGOST34.11-2012", "Standard.HashGOST34.11-2012\Standard.HashGOST34.11-2012.csproj", "{B8226E4F-108C-4139-A475-F0CF7E4AFA6D}"
EndProject
Project("{FAE04EC0-301F-11D3-BF4B-00C04F79EFBC}") = "Standard.HashGOST34.11-94", "Standard.HashGOST34.11-94\Standard.HashGOST34.11-94.csproj", "{F6D27B31-1C3A-4E7E-8D28-87A34576C08B}"
EndProject
Project("{FAE04EC0-301F-11D3-BF4B-00C04F79EFBC}") = "Standard.Info", "Standard.Info\Standard.Info.csproj", "{76FBE2A2-7110-4C8F-B347-334F5D6D2335}"
EndProject
Project("{FAE04EC0-301F-11D3-BF4B-00C04F79EFBC}") = "Standard.InitToken", "Standard.InitToken\Standard.InitToken.csproj", "{36F56A8E-0EF7-492A-8134-834D7CC7E04B}"
EndProject
Project("{FAE04EC0-301F-11D3-BF4B-00C04F79EFBC}") = "Standard.SignVerifyGOST34.10-2001", "Standard.SignVerifyGOST34.10-2001\Standard.SignVerifyGOST34.10-2001.csproj", "{200D5335-F1BC-47E8-897C-EE78F7353FDE}"
EndProject
Project("{FAE04EC0-301F-11D3-BF4B-00C04F79EFBC}") = "Standard.SignVerifyGOST34.10-2012", "Standard.SignVerifyGOST34.10-2012\Standard.SignVerifyGOST34.10-2012.csproj", "{6EE2B2BA-2B42-4982-971C-E62829E2A15D}"
EndProject
Project("{FAE04EC0-301F-11D3-BF4B-00C04F79EFBC}") = "Standard.SignVerifyRSA", "Standard.SignVerifyRSA\Standard.SignVerifyRSA.csproj", "{26782425-6850-4ED1-A69E-88C450E1B430}"
EndProject
Project("{FAE04EC0-301F-11D3-BF4B-00C04F79EFBC}") = "Standard.VKO-GOST34.10-2001", "Standard.VKO-GOST34.10-2001\Standard.VKO-GOST34.10-2001.csproj", "{809A7968-4461-4FF9-B157-2808DD022F79}"
EndProject
Project("{FAE04EC0-301F-11D3-BF4B-00C04F79EFBC}") = "Standard.VKO-GOST34.10-2012", "Standard.VKO-GOST34.10-2012\Standard.VKO-GOST34.10-2012.csproj", "{1D1F47A7-5C16-4CA5-B7EA-0AE764113955}"
EndProject
Project("{FAE04EC0-301F-11D3-BF4B-00C04F79EFBC}") = "Standard.WaitForSlotEvent", "Standard.WaitForSlotEvent\Standard.WaitForSlotEvent.csproj", "{7FF76BD9-E643-4B2D-B36A-DDD3B3FD627F}"
EndProject
Project("{FAE04EC0-301F-11D3-BF4B-00C04F79EFBC}") = "Extended.GeneralPurpose", "Extended.GeneralPurpose\Extended.GeneralPurpose.csproj", "{A28962C9-3A20-4B77-834E-2449A89358AE}"
EndProject
Project("{FAE04EC0-301F-11D3-BF4B-00C04F79EFBC}") = "PINPad.CreateGOST34.10-2001", "PINPad.CreateGOST34.10-2001\PINPad.CreateGOST34.10-2001.csproj", "{FE7A8A8B-2FCB-474C-920B-D036F425B9B2}"
EndProject
Project("{FAE04EC0-301F-11D3-BF4B-00C04F79EFBC}") = "PINPad.CreateGOST34.10-2012", "PINPad.CreateGOST34.10-2012\PINPad.CreateGOST34.10-2012.csproj", "{A507684B-68C4-4ABD-AA02-281BA460078B}"
EndProject
Project("{FAE04EC0-301F-11D3-BF4B-00C04F79EFBC}") = "PINPad.DeleteGOST34.10-2001", "PINPad.DeleteGOST34.10-2001\PINPad.DeleteGOST34.10-2001.csproj", "{4A884625-BC7A-4960-A1EA-181205E1B261}"
EndProject
Project("{FAE04EC0-301F-11D3-BF4B-00C04F79EFBC}") = "PINPad.DeleteGOST34.10-2012", "PINPad.DeleteGOST34.10-2012\PINPad.DeleteGOST34.10-2012.csproj", "{A98C00E0-156A-42CF-B522-A0682F4249A1}"
EndProject
Project("{FAE04EC0-301F-11D3-BF4B-00C04F79EFBC}") = "PINPad.Journal", "PINPad.Journal\PINPad.Journal.csproj", "{B5DCF084-2455-4A92-BBEF-DE80CA9E46CB}"
EndProject
Project("{FAE04EC0-301F-11D3-BF4B-00C04F79EFBC}") = "PINPad.JournalParse", "PINPad.JournalParse\PINPad.JournalParse.csproj", "{2C246399-341E-43E1-A13F-8D97857338CD}"
EndProject
Project("{FAE04EC0-301F-11D3-BF4B-00C04F79EFBC}") = "PINPad.SignAttrGOST34.10-2001", "PINPad.SignAttrGOST34.10-2001\PINPad.SignAttrGOST34.10-2001.csproj", "{B31384E8-3F73-4976-9093-6A8EEB5F9186}"
EndProject
Project("{FAE04EC0-301F-11D3-BF4B-00C04F79EFBC}") = "PINPad.SignAttrGOST34.10-2012", "PINPad.SignAttrGOST34.10-2012\PINPad.SignAttrGOST34.10-2012.csproj", "{1B3ACDC9-6CE0-469E-B6E5-362A0FB7AC87}"
EndProject
Project("{FAE04EC0-301F-11D3-BF4B-00C04F79EFBC}") = "PINPad.SignGOST34.10-2001", "PINPad.SignGOST34.10-2001\PINPad.SignGOST34.10-2001.csproj", "{6C66CEF4-4940-4C67-8AB1-43DEF04BBCF4}"
EndProject
Project("{FAE04EC0-301F-11D3-BF4B-00C04F79EFBC}") = "PINPad.SignGOST34.10-2012", "PINPad.SignGOST34.10-2012\PINPad.SignGOST34.10-2012.csproj", "{7AC31FF3-5BE3-4094-A867-AA1C16FFA4AC}"
EndProject
Project("{FAE04EC0-301F-11D3-BF4B-00C04F79EFBC}") = "Extended.Journal", "Extended.Journal\Extended.Journal.csproj", "{6039AE71-99E9-47AD-B5EA-1CA096201F0F}"
EndProject
Project("{FAE04EC0-301F-11D3-BF4B-00C04F79EFBC}") = "Extended.JournalParse", "Extended.JournalParse\Extended.JournalParse.csproj", "{D2234F39-4B9B-4B1C-BD8A-1F97DCE50514}"
EndProject
Project("{FAE04EC0-301F-11D3-BF4B-00C04F79EFBC}") = "Extended.ManageFlash", "Extended.ManageFlash\Extended.ManageFlash.csproj", "{D89AA6F1-6457-4DB1-85D9-6CA8D5415E62}"
EndProject
Project("{FAE04EC0-301F-11D3-BF4B-00C04F79EFBC}") = "PKIExtensions.CreateCSR-PKCS10", "PKIExtensions.CreateCSR-PKCS10\PKIExtensions.CreateCSR-PKCS10.csproj", "{7DA1AA7E-B1BA-4990-86D7-4E4D271983BA}"
EndProject
Project("{FAE04EC0-301F-11D3-BF4B-00C04F79EFBC}") = "PKIExtensions.DeleteObjects", "PKIExtensions.DeleteObjects\PKIExtensions.DeleteObjects.csproj", "{298825AE-738E-428A-A71B-13D47C7A40CF}"
EndProject
Project("{FAE04EC0-301F-11D3-BF4B-00C04F79EFBC}") = "PKIExtensions.GetCertificateInfo", "PKIExtensions.GetCertificateInfo\PKIExtensions.GetCertificateInfo.csproj", "{CDB3975B-BA6E-4F3D-957E-DA29F5CC586E}"
EndProject
Project("{FAE04EC0-301F-11D3-BF4B-00C04F79EFBC}") = "PKIExtensions.ImportCertificate", "PKIExtensions.ImportCertificate\PKIExtensions.ImportCertificate.csproj", "{4E774DB9-7495-48EC-9278-58225423AA2E}"
EndProject
Project("{FAE04EC0-301F-11D3-BF4B-00C04F79EFBC}") = "PKIExtensions.SignPKCS7", "PKIExtensions.SignPKCS7\PKIExtensions.SignPKCS7.csproj", "{CF0AF5B8-BCC3-4603-BB3B-DF159FA122CC}"
EndProject
Project("{FAE04EC0-301F-11D3-BF4B-00C04F79EFBC}") = "PKIExtensions.CreateCSR-PKCS10-2012", "PKIExtensions.CreateCSR-PKCS10-2012\PKIExtensions.CreateCSR-PKCS10-2012.csproj", "{9BF9893E-8CDC-484C-B10D-DBC81D0EBFD4}"
EndProject
Project("{FAE04EC0-301F-11D3-BF4B-00C04F79EFBC}") = "PKIExtensions.DeleteObjects-2012", "PKIExtensions.DeleteObjects-2012\PKIExtensions.DeleteObjects-2012.csproj", "{66402EFA-7564-4481-8E19-5E7890FB07BC}"
EndProject
Project("{FAE04EC0-301F-11D3-BF4B-00C04F79EFBC}") = "PKIExtensions.GetCertificateInfo-2012", "PKIExtensions.GetCertificateInfo-2012\PKIExtensions.GetCertificateInfo-2012.csproj", "{16EF2121-00DE-4107-90E2-2B2F59912360}"
EndProject
Project("{FAE04EC0-301F-11D3-BF4B-00C04F79EFBC}") = "PKIExtensions.ImportCertificate-2012", "PKIExtensions.ImportCertificate-2012\PKIExtensions.ImportCertificate-2012.csproj", "{089DF5A3-FCB6-48C6-BFDD-20CD918775F7}"
EndProject
Project("{FAE04EC0-301F-11D3-BF4B-00C04F79EFBC}") = "PKIExtensions.SignPKCS7-2012", "PKIExtensions.SignPKCS7-2012\PKIExtensions.SignPKCS7-2012.csproj", "{E0D276C2-DE59-496B-BA52-7EA8080DD160}"
EndProject
Project("{FAE04EC0-301F-11D3-BF4B-00C04F79EFBC}") = "Standard.CreateGOST34.10-2012-256", "Standard.CreateGOST34.10-2012-256\Standard.CreateGOST34.10-2012-256.csproj", "{875ECD22-B216-407B-B4AC-2EAA439FD755}"
EndProject
Project("{FAE04EC0-301F-11D3-BF4B-00C04F79EFBC}") = "Standard.DeleteGOST34.10-2012-256", "Standard.DeleteGOST34.10-2012-256\Standard.DeleteGOST34.10-2012-256.csproj", "{A55652B1-D867-4FC0-AC91-D0D418E51379}"
EndProject
Global
	GlobalSection(SolutionConfigurationPlatforms) = preSolution
		Debug|Any CPU = Debug|Any CPU
		Release|Any CPU = Release|Any CPU
	EndGlobalSection
	GlobalSection(ProjectConfigurationPlatforms) = postSolution
		{C2278E5B-387A-4BB1-A578-D3611DBC1D9B}.Debug|Any CPU.ActiveCfg = Debug|Any CPU
		{C2278E5B-387A-4BB1-A578-D3611DBC1D9B}.Debug|Any CPU.Build.0 = Debug|Any CPU
		{C2278E5B-387A-4BB1-A578-D3611DBC1D9B}.Release|Any CPU.ActiveCfg = Release|Any CPU
		{C2278E5B-387A-4BB1-A578-D3611DBC1D9B}.Release|Any CPU.Build.0 = Release|Any CPU
		{03C8C426-55A4-4D09-B356-B8A78E54ED76}.Debug|Any CPU.ActiveCfg = Debug|Any CPU
		{03C8C426-55A4-4D09-B356-B8A78E54ED76}.Debug|Any CPU.Build.0 = Debug|Any CPU
		{03C8C426-55A4-4D09-B356-B8A78E54ED76}.Release|Any CPU.ActiveCfg = Release|Any CPU
		{03C8C426-55A4-4D09-B356-B8A78E54ED76}.Release|Any CPU.Build.0 = Release|Any CPU
		{9E93BA7E-4A78-4694-8421-C83E74052186}.Debug|Any CPU.ActiveCfg = Debug|Any CPU
		{9E93BA7E-4A78-4694-8421-C83E74052186}.Debug|Any CPU.Build.0 = Debug|Any CPU
		{9E93BA7E-4A78-4694-8421-C83E74052186}.Release|Any CPU.ActiveCfg = Release|Any CPU
		{9E93BA7E-4A78-4694-8421-C83E74052186}.Release|Any CPU.Build.0 = Release|Any CPU
		{AEA7AE07-6CB6-415F-9066-DEC2E429676E}.Debug|Any CPU.ActiveCfg = Debug|Any CPU
		{AEA7AE07-6CB6-415F-9066-DEC2E429676E}.Debug|Any CPU.Build.0 = Debug|Any CPU
		{AEA7AE07-6CB6-415F-9066-DEC2E429676E}.Release|Any CPU.ActiveCfg = Release|Any CPU
		{AEA7AE07-6CB6-415F-9066-DEC2E429676E}.Release|Any CPU.Build.0 = Release|Any CPU
		{09E6C1C3-63AE-464F-91CD-93BB3AFB95DE}.Debug|Any CPU.ActiveCfg = Debug|Any CPU
		{09E6C1C3-63AE-464F-91CD-93BB3AFB95DE}.Debug|Any CPU.Build.0 = Debug|Any CPU
		{09E6C1C3-63AE-464F-91CD-93BB3AFB95DE}.Release|Any CPU.ActiveCfg = Release|Any CPU
		{09E6C1C3-63AE-464F-91CD-93BB3AFB95DE}.Release|Any CPU.Build.0 = Release|Any CPU
		{953BA7B4-CE90-4F74-BE71-5041A036CE8B}.Debug|Any CPU.ActiveCfg = Debug|Any CPU
		{953BA7B4-CE90-4F74-BE71-5041A036CE8B}.Debug|Any CPU.Build.0 = Debug|Any CPU
		{953BA7B4-CE90-4F74-BE71-5041A036CE8B}.Release|Any CPU.ActiveCfg = Release|Any CPU
		{953BA7B4-CE90-4F74-BE71-5041A036CE8B}.Release|Any CPU.Build.0 = Release|Any CPU
		{013198E9-2B8F-46F6-BEC3-47326260840B}.Debug|Any CPU.ActiveCfg = Debug|Any CPU
		{013198E9-2B8F-46F6-BEC3-47326260840B}.Debug|Any CPU.Build.0 = Debug|Any CPU
		{013198E9-2B8F-46F6-BEC3-47326260840B}.Release|Any CPU.ActiveCfg = Release|Any CPU
		{013198E9-2B8F-46F6-BEC3-47326260840B}.Release|Any CPU.Build.0 = Release|Any CPU
		{B041B48B-1A83-4B8B-834D-E551C6F90307}.Debug|Any CPU.ActiveCfg = Debug|Any CPU
		{B041B48B-1A83-4B8B-834D-E551C6F90307}.Debug|Any CPU.Build.0 = Debug|Any CPU
		{B041B48B-1A83-4B8B-834D-E551C6F90307}.Release|Any CPU.ActiveCfg = Release|Any CPU
		{B041B48B-1A83-4B8B-834D-E551C6F90307}.Release|Any CPU.Build.0 = Release|Any CPU
		{87570835-9462-4E95-9099-CF7BC419E574}.Debug|Any CPU.ActiveCfg = Debug|Any CPU
		{87570835-9462-4E95-9099-CF7BC419E574}.Debug|Any CPU.Build.0 = Debug|Any CPU
		{87570835-9462-4E95-9099-CF7BC419E574}.Release|Any CPU.ActiveCfg = Release|Any CPU
		{87570835-9462-4E95-9099-CF7BC419E574}.Release|Any CPU.Build.0 = Release|Any CPU
		{A3FB4188-01BB-45A6-9700-5545BB1923B1}.Debug|Any CPU.ActiveCfg = Debug|Any CPU
		{A3FB4188-01BB-45A6-9700-5545BB1923B1}.Debug|Any CPU.Build.0 = Debug|Any CPU
		{A3FB4188-01BB-45A6-9700-5545BB1923B1}.Release|Any CPU.ActiveCfg = Release|Any CPU
		{A3FB4188-01BB-45A6-9700-5545BB1923B1}.Release|Any CPU.Build.0 = Release|Any CPU
		{5C1E71AB-EC8B-4B96-B732-9CD869F80822}.Debug|Any CPU.ActiveCfg = Debug|Any CPU
		{5C1E71AB-EC8B-4B96-B732-9CD869F80822}.Debug|Any CPU.Build.0 = Debug|Any CPU
		{5C1E71AB-EC8B-4B96-B732-9CD869F80822}.Release|Any CPU.ActiveCfg = Release|Any CPU
		{5C1E71AB-EC8B-4B96-B732-9CD869F80822}.Release|Any CPU.Build.0 = Release|Any CPU
		{E3DE1E62-3C0A-4C45-AC18-1DA7CDBD84FE}.Debug|Any CPU.ActiveCfg = Debug|Any CPU
		{E3DE1E62-3C0A-4C45-AC18-1DA7CDBD84FE}.Debug|Any CPU.Build.0 = Debug|Any CPU
		{E3DE1E62-3C0A-4C45-AC18-1DA7CDBD84FE}.Release|Any CPU.ActiveCfg = Release|Any CPU
		{E3DE1E62-3C0A-4C45-AC18-1DA7CDBD84FE}.Release|Any CPU.Build.0 = Release|Any CPU
		{2E1927DB-477F-4607-B0CC-BE592FC01BE9}.Debug|Any CPU.ActiveCfg = Debug|Any CPU
		{2E1927DB-477F-4607-B0CC-BE592FC01BE9}.Debug|Any CPU.Build.0 = Debug|Any CPU
		{2E1927DB-477F-4607-B0CC-BE592FC01BE9}.Release|Any CPU.ActiveCfg = Release|Any CPU
		{2E1927DB-477F-4607-B0CC-BE592FC01BE9}.Release|Any CPU.Build.0 = Release|Any CPU
		{B8226E4F-108C-4139-A475-F0CF7E4AFA6D}.Debug|Any CPU.ActiveCfg = Debug|Any CPU
		{B8226E4F-108C-4139-A475-F0CF7E4AFA6D}.Debug|Any CPU.Build.0 = Debug|Any CPU
		{B8226E4F-108C-4139-A475-F0CF7E4AFA6D}.Release|Any CPU.ActiveCfg = Release|Any CPU
		{B8226E4F-108C-4139-A475-F0CF7E4AFA6D}.Release|Any CPU.Build.0 = Release|Any CPU
		{F6D27B31-1C3A-4E7E-8D28-87A34576C08B}.Debug|Any CPU.ActiveCfg = Debug|Any CPU
		{F6D27B31-1C3A-4E7E-8D28-87A34576C08B}.Debug|Any CPU.Build.0 = Debug|Any CPU
		{F6D27B31-1C3A-4E7E-8D28-87A34576C08B}.Release|Any CPU.ActiveCfg = Release|Any CPU
		{F6D27B31-1C3A-4E7E-8D28-87A34576C08B}.Release|Any CPU.Build.0 = Release|Any CPU
		{76FBE2A2-7110-4C8F-B347-334F5D6D2335}.Debug|Any CPU.ActiveCfg = Debug|Any CPU
		{76FBE2A2-7110-4C8F-B347-334F5D6D2335}.Debug|Any CPU.Build.0 = Debug|Any CPU
		{76FBE2A2-7110-4C8F-B347-334F5D6D2335}.Release|Any CPU.ActiveCfg = Release|Any CPU
		{76FBE2A2-7110-4C8F-B347-334F5D6D2335}.Release|Any CPU.Build.0 = Release|Any CPU
		{36F56A8E-0EF7-492A-8134-834D7CC7E04B}.Debug|Any CPU.ActiveCfg = Debug|Any CPU
		{36F56A8E-0EF7-492A-8134-834D7CC7E04B}.Debug|Any CPU.Build.0 = Debug|Any CPU
		{36F56A8E-0EF7-492A-8134-834D7CC7E04B}.Release|Any CPU.ActiveCfg = Release|Any CPU
		{36F56A8E-0EF7-492A-8134-834D7CC7E04B}.Release|Any CPU.Build.0 = Release|Any CPU
		{200D5335-F1BC-47E8-897C-EE78F7353FDE}.Debug|Any CPU.ActiveCfg = Debug|Any CPU
		{200D5335-F1BC-47E8-897C-EE78F7353FDE}.Debug|Any CPU.Build.0 = Debug|Any CPU
		{200D5335-F1BC-47E8-897C-EE78F7353FDE}.Release|Any CPU.ActiveCfg = Release|Any CPU
		{200D5335-F1BC-47E8-897C-EE78F7353FDE}.Release|Any CPU.Build.0 = Release|Any CPU
		{6EE2B2BA-2B42-4982-971C-E62829E2A15D}.Debug|Any CPU.ActiveCfg = Debug|Any CPU
		{6EE2B2BA-2B42-4982-971C-E62829E2A15D}.Debug|Any CPU.Build.0 = Debug|Any CPU
		{6EE2B2BA-2B42-4982-971C-E62829E2A15D}.Release|Any CPU.ActiveCfg = Release|Any CPU
		{6EE2B2BA-2B42-4982-971C-E62829E2A15D}.Release|Any CPU.Build.0 = Release|Any CPU
		{26782425-6850-4ED1-A69E-88C450E1B430}.Debug|Any CPU.ActiveCfg = Debug|Any CPU
		{26782425-6850-4ED1-A69E-88C450E1B430}.Debug|Any CPU.Build.0 = Debug|Any CPU
		{26782425-6850-4ED1-A69E-88C450E1B430}.Release|Any CPU.ActiveCfg = Release|Any CPU
		{26782425-6850-4ED1-A69E-88C450E1B430}.Release|Any CPU.Build.0 = Release|Any CPU
		{809A7968-4461-4FF9-B157-2808DD022F79}.Debug|Any CPU.ActiveCfg = Debug|Any CPU
		{809A7968-4461-4FF9-B157-2808DD022F79}.Debug|Any CPU.Build.0 = Debug|Any CPU
		{809A7968-4461-4FF9-B157-2808DD022F79}.Release|Any CPU.ActiveCfg = Release|Any CPU
		{809A7968-4461-4FF9-B157-2808DD022F79}.Release|Any CPU.Build.0 = Release|Any CPU
		{1D1F47A7-5C16-4CA5-B7EA-0AE764113955}.Debug|Any CPU.ActiveCfg = Debug|Any CPU
		{1D1F47A7-5C16-4CA5-B7EA-0AE764113955}.Debug|Any CPU.Build.0 = Debug|Any CPU
		{1D1F47A7-5C16-4CA5-B7EA-0AE764113955}.Release|Any CPU.ActiveCfg = Release|Any CPU
		{1D1F47A7-5C16-4CA5-B7EA-0AE764113955}.Release|Any CPU.Build.0 = Release|Any CPU
		{7FF76BD9-E643-4B2D-B36A-DDD3B3FD627F}.Debug|Any CPU.ActiveCfg = Debug|Any CPU
		{7FF76BD9-E643-4B2D-B36A-DDD3B3FD627F}.Debug|Any CPU.Build.0 = Debug|Any CPU
		{7FF76BD9-E643-4B2D-B36A-DDD3B3FD627F}.Release|Any CPU.ActiveCfg = Release|Any CPU
		{7FF76BD9-E643-4B2D-B36A-DDD3B3FD627F}.Release|Any CPU.Build.0 = Release|Any CPU
		{A28962C9-3A20-4B77-834E-2449A89358AE}.Debug|Any CPU.ActiveCfg = Debug|Any CPU
		{A28962C9-3A20-4B77-834E-2449A89358AE}.Debug|Any CPU.Build.0 = Debug|Any CPU
		{A28962C9-3A20-4B77-834E-2449A89358AE}.Release|Any CPU.ActiveCfg = Release|Any CPU
		{A28962C9-3A20-4B77-834E-2449A89358AE}.Release|Any CPU.Build.0 = Release|Any CPU
		{FE7A8A8B-2FCB-474C-920B-D036F425B9B2}.Debug|Any CPU.ActiveCfg = Debug|Any CPU
		{FE7A8A8B-2FCB-474C-920B-D036F425B9B2}.Debug|Any CPU.Build.0 = Debug|Any CPU
		{FE7A8A8B-2FCB-474C-920B-D036F425B9B2}.Release|Any CPU.ActiveCfg = Release|Any CPU
		{FE7A8A8B-2FCB-474C-920B-D036F425B9B2}.Release|Any CPU.Build.0 = Release|Any CPU
		{A507684B-68C4-4ABD-AA02-281BA460078B}.Debug|Any CPU.ActiveCfg = Debug|Any CPU
		{A507684B-68C4-4ABD-AA02-281BA460078B}.Debug|Any CPU.Build.0 = Debug|Any CPU
		{A507684B-68C4-4ABD-AA02-281BA460078B}.Release|Any CPU.ActiveCfg = Release|Any CPU
		{A507684B-68C4-4ABD-AA02-281BA460078B}.Release|Any CPU.Build.0 = Release|Any CPU
		{4A884625-BC7A-4960-A1EA-181205E1B261}.Debug|Any CPU.ActiveCfg = Debug|Any CPU
		{4A884625-BC7A-4960-A1EA-181205E1B261}.Debug|Any CPU.Build.0 = Debug|Any CPU
		{4A884625-BC7A-4960-A1EA-181205E1B261}.Release|Any CPU.ActiveCfg = Release|Any CPU
		{4A884625-BC7A-4960-A1EA-181205E1B261}.Release|Any CPU.Build.0 = Release|Any CPU
		{A98C00E0-156A-42CF-B522-A0682F4249A1}.Debug|Any CPU.ActiveCfg = Debug|Any CPU
		{A98C00E0-156A-42CF-B522-A0682F4249A1}.Debug|Any CPU.Build.0 = Debug|Any CPU
		{A98C00E0-156A-42CF-B522-A0682F4249A1}.Release|Any CPU.ActiveCfg = Release|Any CPU
		{A98C00E0-156A-42CF-B522-A0682F4249A1}.Release|Any CPU.Build.0 = Release|Any CPU
		{B5DCF084-2455-4A92-BBEF-DE80CA9E46CB}.Debug|Any CPU.ActiveCfg = Debug|Any CPU
		{B5DCF084-2455-4A92-BBEF-DE80CA9E46CB}.Debug|Any CPU.Build.0 = Debug|Any CPU
		{B5DCF084-2455-4A92-BBEF-DE80CA9E46CB}.Release|Any CPU.ActiveCfg = Release|Any CPU
		{B5DCF084-2455-4A92-BBEF-DE80CA9E46CB}.Release|Any CPU.Build.0 = Release|Any CPU
		{2C246399-341E-43E1-A13F-8D97857338CD}.Debug|Any CPU.ActiveCfg = Debug|Any CPU
		{2C246399-341E-43E1-A13F-8D97857338CD}.Debug|Any CPU.Build.0 = Debug|Any CPU
		{2C246399-341E-43E1-A13F-8D97857338CD}.Release|Any CPU.ActiveCfg = Release|Any CPU
		{2C246399-341E-43E1-A13F-8D97857338CD}.Release|Any CPU.Build.0 = Release|Any CPU
		{B31384E8-3F73-4976-9093-6A8EEB5F9186}.Debug|Any CPU.ActiveCfg = Debug|Any CPU
		{B31384E8-3F73-4976-9093-6A8EEB5F9186}.Debug|Any CPU.Build.0 = Debug|Any CPU
		{B31384E8-3F73-4976-9093-6A8EEB5F9186}.Release|Any CPU.ActiveCfg = Release|Any CPU
		{B31384E8-3F73-4976-9093-6A8EEB5F9186}.Release|Any CPU.Build.0 = Release|Any CPU
		{1B3ACDC9-6CE0-469E-B6E5-362A0FB7AC87}.Debug|Any CPU.ActiveCfg = Debug|Any CPU
		{1B3ACDC9-6CE0-469E-B6E5-362A0FB7AC87}.Debug|Any CPU.Build.0 = Debug|Any CPU
		{1B3ACDC9-6CE0-469E-B6E5-362A0FB7AC87}.Release|Any CPU.ActiveCfg = Release|Any CPU
		{1B3ACDC9-6CE0-469E-B6E5-362A0FB7AC87}.Release|Any CPU.Build.0 = Release|Any CPU
		{6C66CEF4-4940-4C67-8AB1-43DEF04BBCF4}.Debug|Any CPU.ActiveCfg = Debug|Any CPU
		{6C66CEF4-4940-4C67-8AB1-43DEF04BBCF4}.Debug|Any CPU.Build.0 = Debug|Any CPU
		{6C66CEF4-4940-4C67-8AB1-43DEF04BBCF4}.Release|Any CPU.ActiveCfg = Release|Any CPU
		{6C66CEF4-4940-4C67-8AB1-43DEF04BBCF4}.Release|Any CPU.Build.0 = Release|Any CPU
		{7AC31FF3-5BE3-4094-A867-AA1C16FFA4AC}.Debug|Any CPU.ActiveCfg = Debug|Any CPU
		{7AC31FF3-5BE3-4094-A867-AA1C16FFA4AC}.Debug|Any CPU.Build.0 = Debug|Any CPU
		{7AC31FF3-5BE3-4094-A867-AA1C16FFA4AC}.Release|Any CPU.ActiveCfg = Release|Any CPU
		{7AC31FF3-5BE3-4094-A867-AA1C16FFA4AC}.Release|Any CPU.Build.0 = Release|Any CPU
		{6039AE71-99E9-47AD-B5EA-1CA096201F0F}.Debug|Any CPU.ActiveCfg = Debug|Any CPU
		{6039AE71-99E9-47AD-B5EA-1CA096201F0F}.Debug|Any CPU.Build.0 = Debug|Any CPU
		{6039AE71-99E9-47AD-B5EA-1CA096201F0F}.Release|Any CPU.ActiveCfg = Release|Any CPU
		{6039AE71-99E9-47AD-B5EA-1CA096201F0F}.Release|Any CPU.Build.0 = Release|Any CPU
		{D2234F39-4B9B-4B1C-BD8A-1F97DCE50514}.Debug|Any CPU.ActiveCfg = Debug|Any CPU
		{D2234F39-4B9B-4B1C-BD8A-1F97DCE50514}.Debug|Any CPU.Build.0 = Debug|Any CPU
		{D2234F39-4B9B-4B1C-BD8A-1F97DCE50514}.Release|Any CPU.ActiveCfg = Release|Any CPU
		{D2234F39-4B9B-4B1C-BD8A-1F97DCE50514}.Release|Any CPU.Build.0 = Release|Any CPU
		{D89AA6F1-6457-4DB1-85D9-6CA8D5415E62}.Debug|Any CPU.ActiveCfg = Debug|Any CPU
		{D89AA6F1-6457-4DB1-85D9-6CA8D5415E62}.Debug|Any CPU.Build.0 = Debug|Any CPU
		{D89AA6F1-6457-4DB1-85D9-6CA8D5415E62}.Release|Any CPU.ActiveCfg = Release|Any CPU
		{D89AA6F1-6457-4DB1-85D9-6CA8D5415E62}.Release|Any CPU.Build.0 = Release|Any CPU
		{7DA1AA7E-B1BA-4990-86D7-4E4D271983BA}.Debug|Any CPU.ActiveCfg = Debug|Any CPU
		{7DA1AA7E-B1BA-4990-86D7-4E4D271983BA}.Debug|Any CPU.Build.0 = Debug|Any CPU
		{7DA1AA7E-B1BA-4990-86D7-4E4D271983BA}.Release|Any CPU.ActiveCfg = Release|Any CPU
		{7DA1AA7E-B1BA-4990-86D7-4E4D271983BA}.Release|Any CPU.Build.0 = Release|Any CPU
		{298825AE-738E-428A-A71B-13D47C7A40CF}.Debug|Any CPU.ActiveCfg = Debug|Any CPU
		{298825AE-738E-428A-A71B-13D47C7A40CF}.Debug|Any CPU.Build.0 = Debug|Any CPU
		{298825AE-738E-428A-A71B-13D47C7A40CF}.Release|Any CPU.ActiveCfg = Release|Any CPU
		{298825AE-738E-428A-A71B-13D47C7A40CF}.Release|Any CPU.Build.0 = Release|Any CPU
		{CDB3975B-BA6E-4F3D-957E-DA29F5CC586E}.Debug|Any CPU.ActiveCfg = Debug|Any CPU
		{CDB3975B-BA6E-4F3D-957E-DA29F5CC586E}.Debug|Any CPU.Build.0 = Debug|Any CPU
		{CDB3975B-BA6E-4F3D-957E-DA29F5CC586E}.Release|Any CPU.ActiveCfg = Release|Any CPU
		{CDB3975B-BA6E-4F3D-957E-DA29F5CC586E}.Release|Any CPU.Build.0 = Release|Any CPU
		{4E774DB9-7495-48EC-9278-58225423AA2E}.Debug|Any CPU.ActiveCfg = Debug|Any CPU
		{4E774DB9-7495-48EC-9278-58225423AA2E}.Debug|Any CPU.Build.0 = Debug|Any CPU
		{4E774DB9-7495-48EC-9278-58225423AA2E}.Release|Any CPU.ActiveCfg = Release|Any CPU
		{4E774DB9-7495-48EC-9278-58225423AA2E}.Release|Any CPU.Build.0 = Release|Any CPU
		{CF0AF5B8-BCC3-4603-BB3B-DF159FA122CC}.Debug|Any CPU.ActiveCfg = Debug|Any CPU
		{CF0AF5B8-BCC3-4603-BB3B-DF159FA122CC}.Debug|Any CPU.Build.0 = Debug|Any CPU
		{CF0AF5B8-BCC3-4603-BB3B-DF159FA122CC}.Release|Any CPU.ActiveCfg = Release|Any CPU
		{CF0AF5B8-BCC3-4603-BB3B-DF159FA122CC}.Release|Any CPU.Build.0 = Release|Any CPU
		{9BF9893E-8CDC-484C-B10D-DBC81D0EBFD4}.Debug|Any CPU.ActiveCfg = Debug|Any CPU
		{9BF9893E-8CDC-484C-B10D-DBC81D0EBFD4}.Debug|Any CPU.Build.0 = Debug|Any CPU
		{9BF9893E-8CDC-484C-B10D-DBC81D0EBFD4}.Release|Any CPU.ActiveCfg = Release|Any CPU
		{9BF9893E-8CDC-484C-B10D-DBC81D0EBFD4}.Release|Any CPU.Build.0 = Release|Any CPU
		{66402EFA-7564-4481-8E19-5E7890FB07BC}.Debug|Any CPU.ActiveCfg = Debug|Any CPU
		{66402EFA-7564-4481-8E19-5E7890FB07BC}.Debug|Any CPU.Build.0 = Debug|Any CPU
		{66402EFA-7564-4481-8E19-5E7890FB07BC}.Release|Any CPU.ActiveCfg = Release|Any CPU
		{66402EFA-7564-4481-8E19-5E7890FB07BC}.Release|Any CPU.Build.0 = Release|Any CPU
		{16EF2121-00DE-4107-90E2-2B2F59912360}.Debug|Any CPU.ActiveCfg = Debug|Any CPU
		{16EF2121-00DE-4107-90E2-2B2F59912360}.Debug|Any CPU.Build.0 = Debug|Any CPU
		{16EF2121-00DE-4107-90E2-2B2F59912360}.Release|Any CPU.ActiveCfg = Release|Any CPU
		{16EF2121-00DE-4107-90E2-2B2F59912360}.Release|Any CPU.Build.0 = Release|Any CPU
		{089DF5A3-FCB6-48C6-BFDD-20CD918775F7}.Debug|Any CPU.ActiveCfg = Debug|Any CPU
		{089DF5A3-FCB6-48C6-BFDD-20CD918775F7}.Debug|Any CPU.Build.0 = Debug|Any CPU
		{089DF5A3-FCB6-48C6-BFDD-20CD918775F7}.Release|Any CPU.ActiveCfg = Release|Any CPU
		{089DF5A3-FCB6-48C6-BFDD-20CD918775F7}.Release|Any CPU.Build.0 = Release|Any CPU
		{E0D276C2-DE59-496B-BA52-7EA8080DD160}.Debug|Any CPU.ActiveCfg = Debug|Any CPU
		{E0D276C2-DE59-496B-BA52-7EA8080DD160}.Debug|Any CPU.Build.0 = Debug|Any CPU
		{E0D276C2-DE59-496B-BA52-7EA8080DD160}.Release|Any CPU.ActiveCfg = Release|Any CPU
		{E0D276C2-DE59-496B-BA52-7EA8080DD160}.Release|Any CPU.Build.0 = Release|Any CPU
		{875ECD22-B216-407B-B4AC-2EAA439FD755}.Debug|Any CPU.ActiveCfg = Debug|Any CPU
		{875ECD22-B216-407B-B4AC-2EAA439FD755}.Debug|Any CPU.Build.0 = Debug|Any CPU
		{875ECD22-B216-407B-B4AC-2EAA439FD755}.Release|Any CPU.ActiveCfg = Release|Any CPU
		{875ECD22-B216-407B-B4AC-2EAA439FD755}.Release|Any CPU.Build.0 = Release|Any CPU
		{A55652B1-D867-4FC0-AC91-D0D418E51379}.Debug|Any CPU.ActiveCfg = Debug|Any CPU
		{A55652B1-D867-4FC0-AC91-D0D418E51379}.Debug|Any CPU.Build.0 = Debug|Any CPU
		{A55652B1-D867-4FC0-AC91-D0D418E51379}.Release|Any CPU.ActiveCfg = Release|Any CPU
		{A55652B1-D867-4FC0-AC91-D0D418E51379}.Release|Any CPU.Build.0 = Release|Any CPU
	EndGlobalSection
	GlobalSection(SolutionProperties) = preSolution
		HideSolutionNode = FALSE
	EndGlobalSection
EndGlobal
