
Microsoft Visual Studio Solution File, Format Version 12.00
# Visual Studio 14
VisualStudioVersion = 14.0.23107.0
MinimumVisualStudioVersion = 10.0.40219.1
Project("{FAE04EC0-301F-11D3-BF4B-00C04F79EFBC}") = "Extended.GeneralPurpose", "Extended.GeneralPurpose\Extended.GeneralPurpose.csproj", "{A28962C9-3A20-4B77-834E-2449A89358AE}"
EndProject
Project("{FAE04EC0-301F-11D3-BF4B-00C04F79EFBC}") = "Extended.Journal", "Extended.Journal\Extended.Journal.csproj", "{6039AE71-99E9-47AD-B5EA-1CA096201F0F}"
EndProject
Project("{FAE04EC0-301F-11D3-BF4B-00C04F79EFBC}") = "Extended.JournalParse", "Extended.JournalParse\Extended.JournalParse.csproj", "{D2234F39-4B9B-4B1C-BD8A-1F97DCE50514}"
EndProject
Project("{FAE04EC0-301F-11D3-BF4B-00C04F79EFBC}") = "Extended.ManageFlash", "Extended.ManageFlash\Extended.ManageFlash.csproj", "{D89AA6F1-6457-4DB1-85D9-6CA8D5415E62}"
EndProject
Project("{FAE04EC0-301F-11D3-BF4B-00C04F79EFBC}") = "RutokenPkcs11Interop.Samples.Common", "RutokenPkcs11Interop.Samples.Common\RutokenPkcs11Interop.Samples.Common.csproj", "{03C8C426-55A4-4D09-B356-B8A78E54ED76}"
EndProject
Global
	GlobalSection(SolutionConfigurationPlatforms) = preSolution
		Debug|Any CPU = Debug|Any CPU
		Release|Any CPU = Release|Any CPU
	EndGlobalSection
	GlobalSection(ProjectConfigurationPlatforms) = postSolution
		{A28962C9-3A20-4B77-834E-2449A89358AE}.Debug|Any CPU.ActiveCfg = Debug|Any CPU
		{A28962C9-3A20-4B77-834E-2449A89358AE}.Debug|Any CPU.Build.0 = Debug|Any CPU
		{A28962C9-3A20-4B77-834E-2449A89358AE}.Release|Any CPU.ActiveCfg = Release|Any CPU
		{A28962C9-3A20-4B77-834E-2449A89358AE}.Release|Any CPU.Build.0 = Release|Any CPU
		{6039AE71-99E9-47AD-B5EA-1CA096201F0F}.Debug|Any CPU.ActiveCfg = Debug|Any CPU
		{6039AE71-99E9-47AD-B5EA-1CA096201F0F}.Debug|Any CPU.Build.0 = Debug|Any CPU
		{6039AE71-99E9-47AD-B5EA-1CA096201F0F}.Release|Any CPU.ActiveCfg = Release|Any CPU
		{6039AE71-99E9-47AD-B5EA-1CA096201F0F}.Release|Any CPU.Build.0 = Release|Any CPU
		{D2234F39-4B9B-4B1C-BD8A-1F97DCE50514}.Debug|Any CPU.ActiveCfg = Debug|Any CPU
		{D2234F39-4B9B-4B1C-BD8A-1F97DCE50514}.Debug|Any CPU.Build.0 = Debug|Any CPU
		{D2234F39-4B9B-4B1C-BD8A-1F97DCE50514}.Release|Any CPU.ActiveCfg = Release|Any CPU
		{D2234F39-4B9B-4B1C-BD8A-1F97DCE50514}.Release|Any CPU.Build.0 = Release|Any CPU
		{D89AA6F1-6457-4DB1-85D9-6CA8D5415E62}.Debug|Any CPU.ActiveCfg = Debug|Any CPU
		{D89AA6F1-6457-4DB1-85D9-6CA8D5415E62}.Debug|Any CPU.Build.0 = Debug|Any CPU
		{D89AA6F1-6457-4DB1-85D9-6CA8D5415E62}.Release|Any CPU.ActiveCfg = Release|Any CPU
		{D89AA6F1-6457-4DB1-85D9-6CA8D5415E62}.Release|Any CPU.Build.0 = Release|Any CPU
		{03C8C426-55A4-4D09-B356-B8A78E54ED76}.Debug|Any CPU.ActiveCfg = Debug|Any CPU
		{03C8C426-55A4-4D09-B356-B8A78E54ED76}.Debug|Any CPU.Build.0 = Debug|Any CPU
		{03C8C426-55A4-4D09-B356-B8A78E54ED76}.Release|Any CPU.ActiveCfg = Release|Any CPU
		{03C8C426-55A4-4D09-B356-B8A78E54ED76}.Release|Any CPU.Build.0 = Release|Any CPU
	EndGlobalSection
	GlobalSection(SolutionProperties) = preSolution
		HideSolutionNode = FALSE
	EndGlobalSection
EndGlobal
