
Microsoft Visual Studio Solution File, Format Version 12.00
# Visual Studio 14
VisualStudioVersion = 14.0.23107.0
MinimumVisualStudioVersion = 10.0.40219.1
Project("{FAE04EC0-301F-11D3-BF4B-00C04F79EFBC}") = "PINPad.CreateGOST34.10-2001", "PINPad.CreateGOST34.10-2001\PINPad.CreateGOST34.10-2001.csproj", "{FE7A8A8B-2FCB-474C-920B-D036F425B9B2}"
EndProject
Project("{FAE04EC0-301F-11D3-BF4B-00C04F79EFBC}") = "PINPad.CreateGOST34.10-2012-512", "PINPad.CreateGOST34.10-2012-512\PINPad.CreateGOST34.10-2012-512.csproj", "{A507684B-68C4-4ABD-AA02-281BA460078B}"
EndProject
Project("{FAE04EC0-301F-11D3-BF4B-00C04F79EFBC}") = "PINPad.DeleteGOST34.10-2001", "PINPad.DeleteGOST34.10-2001\PINPad.DeleteGOST34.10-2001.csproj", "{4A884625-BC7A-4960-A1EA-181205E1B261}"
EndProject
Project("{FAE04EC0-301F-11D3-BF4B-00C04F79EFBC}") = "PINPad.DeleteGOST34.10-2012-512", "PINPad.DeleteGOST34.10-2012-512\PINPad.DeleteGOST34.10-2012-512.csproj", "{A98C00E0-156A-42CF-B522-A0682F4249A1}"
EndProject
Project("{FAE04EC0-301F-11D3-BF4B-00C04F79EFBC}") = "PINPad.Journal", "PINPad.Journal\PINPad.Journal.csproj", "{B5DCF084-2455-4A92-BBEF-DE80CA9E46CB}"
EndProject
Project("{FAE04EC0-301F-11D3-BF4B-00C04F79EFBC}") = "PINPad.JournalParse", "PINPad.JournalParse\PINPad.JournalParse.csproj", "{2C246399-341E-43E1-A13F-8D97857338CD}"
EndProject
Project("{FAE04EC0-301F-11D3-BF4B-00C04F79EFBC}") = "PINPad.SignAttrGOST34.10-2001", "PINPad.SignAttrGOST34.10-2001\PINPad.SignAttrGOST34.10-2001.csproj", "{B31384E8-3F73-4976-9093-6A8EEB5F9186}"
EndProject
Project("{FAE04EC0-301F-11D3-BF4B-00C04F79EFBC}") = "PINPad.SignAttrGOST34.10-2012-512", "PINPad.SignAttrGOST34.10-2012-512\PINPad.SignAttrGOST34.10-2012-512.csproj", "{1B3ACDC9-6CE0-469E-B6E5-362A0FB7AC87}"
EndProject
Project("{FAE04EC0-301F-11D3-BF4B-00C04F79EFBC}") = "PINPad.SignGOST34.10-2001", "PINPad.SignGOST34.10-2001\PINPad.SignGOST34.10-2001.csproj", "{6C66CEF4-4940-4C67-8AB1-43DEF04BBCF4}"
EndProject
Project("{FAE04EC0-301F-11D3-BF4B-00C04F79EFBC}") = "PINPad.SignGOST34.10-2012-512", "PINPad.SignGOST34.10-2012-512\PINPad.SignGOST34.10-2012-512.csproj", "{7AC31FF3-5BE3-4094-A867-AA1C16FFA4AC}"
EndProject
Project("{FAE04EC0-301F-11D3-BF4B-00C04F79EFBC}") = "RutokenPkcs11Interop.Samples.Common", "RutokenPkcs11Interop.Samples.Common\RutokenPkcs11Interop.Samples.Common.csproj", "{03C8C426-55A4-4D09-B356-B8A78E54ED76}"
EndProject
Project("{FAE04EC0-301F-11D3-BF4B-00C04F79EFBC}") = "PINPad.CreateGOST34.10-2012-256", "PINPad.CreateGOST34.10-2012-256\PINPad.CreateGOST34.10-2012-256.csproj", "{D85EB017-0E1F-41AD-A8FD-762F73321B0C}"
EndProject
Project("{FAE04EC0-301F-11D3-BF4B-00C04F79EFBC}") = "PINPad.DeleteGOST34.10-2012-256", "PINPad.DeleteGOST34.10-2012-256\PINPad.DeleteGOST34.10-2012-256.csproj", "{FB99CF15-A7FC-4CD8-BBB3-ADB446755C90}"
EndProject
Project("{FAE04EC0-301F-11D3-BF4B-00C04F79EFBC}") = "PINPad.SignAttrGOST34.10-2012-256", "PINPad.SignAttrGOST34.10-2012-256\PINPad.SignAttrGOST34.10-2012-256.csproj", "{A626BC84-2477-41F3-B8C3-BA057DB4BD16}"
EndProject
Project("{FAE04EC0-301F-11D3-BF4B-00C04F79EFBC}") = "PINPad.SignGOST34.10-2012-256", "PINPad.SignGOST34.10-2012-256\PINPad.SignGOST34.10-2012-256.csproj", "{28F9B97F-1425-41CD-A1D5-FB0D48A6E99E}"
EndProject
Global
	GlobalSection(SolutionConfigurationPlatforms) = preSolution
		Debug|Any CPU = Debug|Any CPU
		Release|Any CPU = Release|Any CPU
	EndGlobalSection
	GlobalSection(ProjectConfigurationPlatforms) = postSolution
		{FE7A8A8B-2FCB-474C-920B-D036F425B9B2}.Debug|Any CPU.ActiveCfg = Debug|Any CPU
		{FE7A8A8B-2FCB-474C-920B-D036F425B9B2}.Debug|Any CPU.Build.0 = Debug|Any CPU
		{FE7A8A8B-2FCB-474C-920B-D036F425B9B2}.Release|Any CPU.ActiveCfg = Release|Any CPU
		{FE7A8A8B-2FCB-474C-920B-D036F425B9B2}.Release|Any CPU.Build.0 = Release|Any CPU
		{A507684B-68C4-4ABD-AA02-281BA460078B}.Debug|Any CPU.ActiveCfg = Debug|Any CPU
		{A507684B-68C4-4ABD-AA02-281BA460078B}.Debug|Any CPU.Build.0 = Debug|Any CPU
		{A507684B-68C4-4ABD-AA02-281BA460078B}.Release|Any CPU.ActiveCfg = Release|Any CPU
		{A507684B-68C4-4ABD-AA02-281BA460078B}.Release|Any CPU.Build.0 = Release|Any CPU
		{4A884625-BC7A-4960-A1EA-181205E1B261}.Debug|Any CPU.ActiveCfg = Debug|Any CPU
		{4A884625-BC7A-4960-A1EA-181205E1B261}.Debug|Any CPU.Build.0 = Debug|Any CPU
		{4A884625-BC7A-4960-A1EA-181205E1B261}.Release|Any CPU.ActiveCfg = Release|Any CPU
		{4A884625-BC7A-4960-A1EA-181205E1B261}.Release|Any CPU.Build.0 = Release|Any CPU
		{A98C00E0-156A-42CF-B522-A0682F4249A1}.Debug|Any CPU.ActiveCfg = Debug|Any CPU
		{A98C00E0-156A-42CF-B522-A0682F4249A1}.Debug|Any CPU.Build.0 = Debug|Any CPU
		{A98C00E0-156A-42CF-B522-A0682F4249A1}.Release|Any CPU.ActiveCfg = Release|Any CPU
		{A98C00E0-156A-42CF-B522-A0682F4249A1}.Release|Any CPU.Build.0 = Release|Any CPU
		{B5DCF084-2455-4A92-BBEF-DE80CA9E46CB}.Debug|Any CPU.ActiveCfg = Debug|Any CPU
		{B5DCF084-2455-4A92-BBEF-DE80CA9E46CB}.Debug|Any CPU.Build.0 = Debug|Any CPU
		{B5DCF084-2455-4A92-BBEF-DE80CA9E46CB}.Release|Any CPU.ActiveCfg = Release|Any CPU
		{B5DCF084-2455-4A92-BBEF-DE80CA9E46CB}.Release|Any CPU.Build.0 = Release|Any CPU
		{2C246399-341E-43E1-A13F-8D97857338CD}.Debug|Any CPU.ActiveCfg = Debug|Any CPU
		{2C246399-341E-43E1-A13F-8D97857338CD}.Debug|Any CPU.Build.0 = Debug|Any CPU
		{2C246399-341E-43E1-A13F-8D97857338CD}.Release|Any CPU.ActiveCfg = Release|Any CPU
		{2C246399-341E-43E1-A13F-8D97857338CD}.Release|Any CPU.Build.0 = Release|Any CPU
		{B31384E8-3F73-4976-9093-6A8EEB5F9186}.Debug|Any CPU.ActiveCfg = Debug|Any CPU
		{B31384E8-3F73-4976-9093-6A8EEB5F9186}.Debug|Any CPU.Build.0 = Debug|Any CPU
		{B31384E8-3F73-4976-9093-6A8EEB5F9186}.Release|Any CPU.ActiveCfg = Release|Any CPU
		{B31384E8-3F73-4976-9093-6A8EEB5F9186}.Release|Any CPU.Build.0 = Release|Any CPU
		{1B3ACDC9-6CE0-469E-B6E5-362A0FB7AC87}.Debug|Any CPU.ActiveCfg = Debug|Any CPU
		{1B3ACDC9-6CE0-469E-B6E5-362A0FB7AC87}.Debug|Any CPU.Build.0 = Debug|Any CPU
		{1B3ACDC9-6CE0-469E-B6E5-362A0FB7AC87}.Release|Any CPU.ActiveCfg = Release|Any CPU
		{1B3ACDC9-6CE0-469E-B6E5-362A0FB7AC87}.Release|Any CPU.Build.0 = Release|Any CPU
		{6C66CEF4-4940-4C67-8AB1-43DEF04BBCF4}.Debug|Any CPU.ActiveCfg = Debug|Any CPU
		{6C66CEF4-4940-4C67-8AB1-43DEF04BBCF4}.Debug|Any CPU.Build.0 = Debug|Any CPU
		{6C66CEF4-4940-4C67-8AB1-43DEF04BBCF4}.Release|Any CPU.ActiveCfg = Release|Any CPU
		{6C66CEF4-4940-4C67-8AB1-43DEF04BBCF4}.Release|Any CPU.Build.0 = Release|Any CPU
		{7AC31FF3-5BE3-4094-A867-AA1C16FFA4AC}.Debug|Any CPU.ActiveCfg = Debug|Any CPU
		{7AC31FF3-5BE3-4094-A867-AA1C16FFA4AC}.Debug|Any CPU.Build.0 = Debug|Any CPU
		{7AC31FF3-5BE3-4094-A867-AA1C16FFA4AC}.Release|Any CPU.ActiveCfg = Release|Any CPU
		{7AC31FF3-5BE3-4094-A867-AA1C16FFA4AC}.Release|Any CPU.Build.0 = Release|Any CPU
		{03C8C426-55A4-4D09-B356-B8A78E54ED76}.Debug|Any CPU.ActiveCfg = Debug|Any CPU
		{03C8C426-55A4-4D09-B356-B8A78E54ED76}.Debug|Any CPU.Build.0 = Debug|Any CPU
		{03C8C426-55A4-4D09-B356-B8A78E54ED76}.Release|Any CPU.ActiveCfg = Release|Any CPU
		{03C8C426-55A4-4D09-B356-B8A78E54ED76}.Release|Any CPU.Build.0 = Release|Any CPU
		{D85EB017-0E1F-41AD-A8FD-762F73321B0C}.Debug|Any CPU.ActiveCfg = Debug|Any CPU
		{D85EB017-0E1F-41AD-A8FD-762F73321B0C}.Debug|Any CPU.Build.0 = Debug|Any CPU
		{D85EB017-0E1F-41AD-A8FD-762F73321B0C}.Release|Any CPU.ActiveCfg = Release|Any CPU
		{D85EB017-0E1F-41AD-A8FD-762F73321B0C}.Release|Any CPU.Build.0 = Release|Any CPU
		{FB99CF15-A7FC-4CD8-BBB3-ADB446755C90}.Debug|Any CPU.ActiveCfg = Debug|Any CPU
		{FB99CF15-A7FC-4CD8-BBB3-ADB446755C90}.Debug|Any CPU.Build.0 = Debug|Any CPU
		{FB99CF15-A7FC-4CD8-BBB3-ADB446755C90}.Release|Any CPU.ActiveCfg = Release|Any CPU
		{FB99CF15-A7FC-4CD8-BBB3-ADB446755C90}.Release|Any CPU.Build.0 = Release|Any CPU
		{A626BC84-2477-41F3-B8C3-BA057DB4BD16}.Debug|Any CPU.ActiveCfg = Debug|Any CPU
		{A626BC84-2477-41F3-B8C3-BA057DB4BD16}.Debug|Any CPU.Build.0 = Debug|Any CPU
		{A626BC84-2477-41F3-B8C3-BA057DB4BD16}.Release|Any CPU.ActiveCfg = Release|Any CPU
		{A626BC84-2477-41F3-B8C3-BA057DB4BD16}.Release|Any CPU.Build.0 = Release|Any CPU
		{28F9B97F-1425-41CD-A1D5-FB0D48A6E99E}.Debug|Any CPU.ActiveCfg = Debug|Any CPU
		{28F9B97F-1425-41CD-A1D5-FB0D48A6E99E}.Debug|Any CPU.Build.0 = Debug|Any CPU
		{28F9B97F-1425-41CD-A1D5-FB0D48A6E99E}.Release|Any CPU.ActiveCfg = Release|Any CPU
		{28F9B97F-1425-41CD-A1D5-FB0D48A6E99E}.Release|Any CPU.Build.0 = Release|Any CPU
	EndGlobalSection
	GlobalSection(SolutionProperties) = preSolution
		HideSolutionNode = FALSE
	EndGlobalSection
EndGlobal
