
Microsoft Visual Studio Solution File, Format Version 12.00
# Visual Studio 14
VisualStudioVersion = 14.0.25420.1
MinimumVisualStudioVersion = 10.0.40219.1
Project("{FAE04EC0-301F-11D3-BF4B-00C04F79EFBC}") = "Standard.CreateGOST34.10-2001", "Standard.CreateGOST34.10-2001\Standard.CreateGOST34.10-2001.csproj", "{9E93BA7E-4A78-4694-8421-C83E74052186}"
EndProject
Project("{FAE04EC0-301F-11D3-BF4B-00C04F79EFBC}") = "Standard.CreateGOST34.10-2012-512", "Standard.CreateGOST34.10-2012-512\Standard.CreateGOST34.10-2012-512.csproj", "{AEA7AE07-6CB6-415F-9066-DEC2E429676E}"
EndProject
Project("{FAE04EC0-301F-11D3-BF4B-00C04F79EFBC}") = "Standard.CreateGOST28147-89", "Standard.CreateGOST28147-89\Standard.CreateGOST28147-89.csproj", "{C2278E5B-387A-4BB1-A578-D3611DBC1D9B}"
EndProject
Project("{FAE04EC0-301F-11D3-BF4B-00C04F79EFBC}") = "Standard.CreateRSA", "Standard.CreateRSA\Standard.CreateRSA.csproj", "{09E6C1C3-63AE-464F-91CD-93BB3AFB95DE}"
EndProject
Project("{FAE04EC0-301F-11D3-BF4B-00C04F79EFBC}") = "Standard.DeleteGOST34.10-2001", "Standard.DeleteGOST34.10-2001\Standard.DeleteGOST34.10-2001.csproj", "{013198E9-2B8F-46F6-BEC3-47326260840B}"
EndProject
Project("{FAE04EC0-301F-11D3-BF4B-00C04F79EFBC}") = "Standard.DeleteGOST34.10-2012-512", "Standard.DeleteGOST34.10-2012-512\Standard.DeleteGOST34.10-2012-512.csproj", "{B041B48B-1A83-4B8B-834D-E551C6F90307}"
EndProject
Project("{FAE04EC0-301F-11D3-BF4B-00C04F79EFBC}") = "Standard.DeleteGOST28147-89", "Standard.DeleteGOST28147-89\Standard.DeleteGOST28147-89.csproj", "{953BA7B4-CE90-4F74-BE71-5041A036CE8B}"
EndProject
Project("{FAE04EC0-301F-11D3-BF4B-00C04F79EFBC}") = "Standard.DeleteRSA", "Standard.DeleteRSA\Standard.DeleteRSA.csproj", "{87570835-9462-4E95-9099-CF7BC419E574}"
EndProject
Project("{FAE04EC0-301F-11D3-BF4B-00C04F79EFBC}") = "Standard.EncDecGOST28147-89", "Standard.EncDecGOST28147-89\Standard.EncDecGOST28147-89.csproj", "{A3FB4188-01BB-45A6-9700-5545BB1923B1}"
EndProject
Project("{FAE04EC0-301F-11D3-BF4B-00C04F79EFBC}") = "Standard.EncDecGOST28147-89-CBC", "Standard.EncDecGOST28147-89-CBC\Standard.EncDecGOST28147-89-CBC.csproj", "{5C1E71AB-EC8B-4B96-B732-9CD869F80822}"
EndProject
Project("{FAE04EC0-301F-11D3-BF4B-00C04F79EFBC}") = "Standard.EncDecGOST28147-89-Stream", "Standard.EncDecGOST28147-89-Stream\Standard.EncDecGOST28147-89-Stream.csproj", "{E3DE1E62-3C0A-4C45-AC18-1DA7CDBD84FE}"
EndProject
Project("{FAE04EC0-301F-11D3-BF4B-00C04F79EFBC}") = "Standard.EncDecRSA", "Standard.EncDecRSA\Standard.EncDecRSA.csproj", "{2E1927DB-477F-4607-B0CC-BE592FC01BE9}"
EndProject
Project("{FAE04EC0-301F-11D3-BF4B-00C04F79EFBC}") = "Standard.HashGOST34.11-94", "Standard.HashGOST34.11-94\Standard.HashGOST34.11-94.csproj", "{F6D27B31-1C3A-4E7E-8D28-87A34576C08B}"
EndProject
Project("{FAE04EC0-301F-11D3-BF4B-00C04F79EFBC}") = "Standard.HashGOST34.11-2012-256", "Standard.HashGOST34.11-2012-256\Standard.HashGOST34.11-2012-256.csproj", "{B8226E4F-108C-4139-A475-F0CF7E4AFA6D}"
EndProject
Project("{FAE04EC0-301F-11D3-BF4B-00C04F79EFBC}") = "Standard.Info", "Standard.Info\Standard.Info.csproj", "{76FBE2A2-7110-4C8F-B347-334F5D6D2335}"
EndProject
Project("{FAE04EC0-301F-11D3-BF4B-00C04F79EFBC}") = "Standard.InitToken", "Standard.InitToken\Standard.InitToken.csproj", "{36F56A8E-0EF7-492A-8134-834D7CC7E04B}"
EndProject
Project("{FAE04EC0-301F-11D3-BF4B-00C04F79EFBC}") = "Standard.SignVerifyGOST34.10-2001", "Standard.SignVerifyGOST34.10-2001\Standard.SignVerifyGOST34.10-2001.csproj", "{200D5335-F1BC-47E8-897C-EE78F7353FDE}"
EndProject
Project("{FAE04EC0-301F-11D3-BF4B-00C04F79EFBC}") = "Standard.SignVerifyGOST34.10-2012-512", "Standard.SignVerifyGOST34.10-2012-512\Standard.SignVerifyGOST34.10-2012-512.csproj", "{6EE2B2BA-2B42-4982-971C-E62829E2A15D}"
EndProject
Project("{FAE04EC0-301F-11D3-BF4B-00C04F79EFBC}") = "Standard.SignVerifyRSA", "Standard.SignVerifyRSA\Standard.SignVerifyRSA.csproj", "{26782425-6850-4ED1-A69E-88C450E1B430}"
EndProject
Project("{FAE04EC0-301F-11D3-BF4B-00C04F79EFBC}") = "Standard.VKO-GOST34.10-2001", "Standard.VKO-GOST34.10-2001\Standard.VKO-GOST34.10-2001.csproj", "{809A7968-4461-4FF9-B157-2808DD022F79}"
EndProject
Project("{FAE04EC0-301F-11D3-BF4B-00C04F79EFBC}") = "Standard.VKO-GOST34.10-2012-512", "Standard.VKO-GOST34.10-2012-512\Standard.VKO-GOST34.10-2012-512.csproj", "{1D1F47A7-5C16-4CA5-B7EA-0AE764113955}"
EndProject
Project("{FAE04EC0-301F-11D3-BF4B-00C04F79EFBC}") = "Standard.WaitForSlotEvent", "Standard.WaitForSlotEvent\Standard.WaitForSlotEvent.csproj", "{7FF76BD9-E643-4B2D-B36A-DDD3B3FD627F}"
EndProject
Project("{FAE04EC0-301F-11D3-BF4B-00C04F79EFBC}") = "RutokenPkcs11Interop.Samples.Common", "RutokenPkcs11Interop.Samples.Common\RutokenPkcs11Interop.Samples.Common.csproj", "{03C8C426-55A4-4D09-B356-B8A78E54ED76}"
EndProject
Project("{FAE04EC0-301F-11D3-BF4B-00C04F79EFBC}") = "Standard.CreateGOST34.10-2012-256", "Standard.CreateGOST34.10-2012-256\Standard.CreateGOST34.10-2012-256.csproj", "{875ECD22-B216-407B-B4AC-2EAA439FD755}"
EndProject
Project("{FAE04EC0-301F-11D3-BF4B-00C04F79EFBC}") = "Standard.DeleteGOST34.10-2012-256", "Standard.DeleteGOST34.10-2012-256\Standard.DeleteGOST34.10-2012-256.csproj", "{A55652B1-D867-4FC0-AC91-D0D418E51379}"
EndProject
Project("{FAE04EC0-301F-11D3-BF4B-00C04F79EFBC}") = "Standard.HashGOST34.11-2012-512", "Standard.HashGOST34.11-2012-512\Standard.HashGOST34.11-2012-512.csproj", "{A5EAFB26-AF48-4B74-9156-C5F448B04251}"
EndProject
Project("{FAE04EC0-301F-11D3-BF4B-00C04F79EFBC}") = "Standard.SignVerifyGOST34.10-2012-256", "Standard.SignVerifyGOST34.10-2012-256\Standard.SignVerifyGOST34.10-2012-256.csproj", "{22DEABD6-6C4F-4D19-920B-12DA09C91664}"
EndProject
Project("{FAE04EC0-301F-11D3-BF4B-00C04F79EFBC}") = "Standard.SignVerifyGOST34.11-94-HMAC", "Standard.SignVerifyGOST34.11-94-HMAC\Standard.SignVerifyGOST34.11-94-HMAC.csproj", "{80074131-D48A-4476-9C3B-EBA2E1E321A2}"
EndProject
Project("{FAE04EC0-301F-11D3-BF4B-00C04F79EFBC}") = "Standard.SignGOST34.10-2001WithInternalHash", "Standard.SignGOST34.10-2001WithInternalHash\Standard.SignGOST34.10-2001WithInternalHash.csproj", "{B607EA7C-BE9C-4E43-B181-43886A183233}"
EndProject
Project("{FAE04EC0-301F-11D3-BF4B-00C04F79EFBC}") = "Standard.SignGOST34.10-2012-256WithInternalHash", "Standard.SignGOST34.10-2012-256WithInternalHash\Standard.SignGOST34.10-2012-256WithInternalHash.csproj", "{7D054221-29FC-40B0-B611-5141DE244DA3}"
EndProject
Project("{FAE04EC0-301F-11D3-BF4B-00C04F79EFBC}") = "Standard.SignGOST34.10-2012-512WithInternalHash", "Standard.SignGOST34.10-2012-512WithInternalHash\Standard.SignGOST34.10-2012-512WithInternalHash.csproj", "{D6E54165-B2D0-4066-90F4-C4840AA94F16}"
EndProject
Global
	GlobalSection(SolutionConfigurationPlatforms) = preSolution
		Debug|Any CPU = Debug|Any CPU
		Release|Any CPU = Release|Any CPU
	EndGlobalSection
	GlobalSection(ProjectConfigurationPlatforms) = postSolution
		{9E93BA7E-4A78-4694-8421-C83E74052186}.Debug|Any CPU.ActiveCfg = Debug|Any CPU
		{9E93BA7E-4A78-4694-8421-C83E74052186}.Debug|Any CPU.Build.0 = Debug|Any CPU
		{9E93BA7E-4A78-4694-8421-C83E74052186}.Release|Any CPU.ActiveCfg = Release|Any CPU
		{9E93BA7E-4A78-4694-8421-C83E74052186}.Release|Any CPU.Build.0 = Release|Any CPU
		{AEA7AE07-6CB6-415F-9066-DEC2E429676E}.Debug|Any CPU.ActiveCfg = Debug|Any CPU
		{AEA7AE07-6CB6-415F-9066-DEC2E429676E}.Debug|Any CPU.Build.0 = Debug|Any CPU
		{AEA7AE07-6CB6-415F-9066-DEC2E429676E}.Release|Any CPU.ActiveCfg = Release|Any CPU
		{AEA7AE07-6CB6-415F-9066-DEC2E429676E}.Release|Any CPU.Build.0 = Release|Any CPU
		{C2278E5B-387A-4BB1-A578-D3611DBC1D9B}.Debug|Any CPU.ActiveCfg = Debug|Any CPU
		{C2278E5B-387A-4BB1-A578-D3611DBC1D9B}.Debug|Any CPU.Build.0 = Debug|Any CPU
		{C2278E5B-387A-4BB1-A578-D3611DBC1D9B}.Release|Any CPU.ActiveCfg = Release|Any CPU
		{C2278E5B-387A-4BB1-A578-D3611DBC1D9B}.Release|Any CPU.Build.0 = Release|Any CPU
		{09E6C1C3-63AE-464F-91CD-93BB3AFB95DE}.Debug|Any CPU.ActiveCfg = Debug|Any CPU
		{09E6C1C3-63AE-464F-91CD-93BB3AFB95DE}.Debug|Any CPU.Build.0 = Debug|Any CPU
		{09E6C1C3-63AE-464F-91CD-93BB3AFB95DE}.Release|Any CPU.ActiveCfg = Release|Any CPU
		{09E6C1C3-63AE-464F-91CD-93BB3AFB95DE}.Release|Any CPU.Build.0 = Release|Any CPU
		{013198E9-2B8F-46F6-BEC3-47326260840B}.Debug|Any CPU.ActiveCfg = Debug|Any CPU
		{013198E9-2B8F-46F6-BEC3-47326260840B}.Debug|Any CPU.Build.0 = Debug|Any CPU
		{013198E9-2B8F-46F6-BEC3-47326260840B}.Release|Any CPU.ActiveCfg = Release|Any CPU
		{013198E9-2B8F-46F6-BEC3-47326260840B}.Release|Any CPU.Build.0 = Release|Any CPU
		{B041B48B-1A83-4B8B-834D-E551C6F90307}.Debug|Any CPU.ActiveCfg = Debug|Any CPU
		{B041B48B-1A83-4B8B-834D-E551C6F90307}.Debug|Any CPU.Build.0 = Debug|Any CPU
		{B041B48B-1A83-4B8B-834D-E551C6F90307}.Release|Any CPU.ActiveCfg = Release|Any CPU
		{B041B48B-1A83-4B8B-834D-E551C6F90307}.Release|Any CPU.Build.0 = Release|Any CPU
		{953BA7B4-CE90-4F74-BE71-5041A036CE8B}.Debug|Any CPU.ActiveCfg = Debug|Any CPU
		{953BA7B4-CE90-4F74-BE71-5041A036CE8B}.Debug|Any CPU.Build.0 = Debug|Any CPU
		{953BA7B4-CE90-4F74-BE71-5041A036CE8B}.Release|Any CPU.ActiveCfg = Release|Any CPU
		{953BA7B4-CE90-4F74-BE71-5041A036CE8B}.Release|Any CPU.Build.0 = Release|Any CPU
		{87570835-9462-4E95-9099-CF7BC419E574}.Debug|Any CPU.ActiveCfg = Debug|Any CPU
		{87570835-9462-4E95-9099-CF7BC419E574}.Debug|Any CPU.Build.0 = Debug|Any CPU
		{87570835-9462-4E95-9099-CF7BC419E574}.Release|Any CPU.ActiveCfg = Release|Any CPU
		{87570835-9462-4E95-9099-CF7BC419E574}.Release|Any CPU.Build.0 = Release|Any CPU
		{A3FB4188-01BB-45A6-9700-5545BB1923B1}.Debug|Any CPU.ActiveCfg = Debug|Any CPU
		{A3FB4188-01BB-45A6-9700-5545BB1923B1}.Debug|Any CPU.Build.0 = Debug|Any CPU
		{A3FB4188-01BB-45A6-9700-5545BB1923B1}.Release|Any CPU.ActiveCfg = Release|Any CPU
		{A3FB4188-01BB-45A6-9700-5545BB1923B1}.Release|Any CPU.Build.0 = Release|Any CPU
		{5C1E71AB-EC8B-4B96-B732-9CD869F80822}.Debug|Any CPU.ActiveCfg = Debug|Any CPU
		{5C1E71AB-EC8B-4B96-B732-9CD869F80822}.Debug|Any CPU.Build.0 = Debug|Any CPU
		{5C1E71AB-EC8B-4B96-B732-9CD869F80822}.Release|Any CPU.ActiveCfg = Release|Any CPU
		{5C1E71AB-EC8B-4B96-B732-9CD869F80822}.Release|Any CPU.Build.0 = Release|Any CPU
		{E3DE1E62-3C0A-4C45-AC18-1DA7CDBD84FE}.Debug|Any CPU.ActiveCfg = Debug|Any CPU
		{E3DE1E62-3C0A-4C45-AC18-1DA7CDBD84FE}.Debug|Any CPU.Build.0 = Debug|Any CPU
		{E3DE1E62-3C0A-4C45-AC18-1DA7CDBD84FE}.Release|Any CPU.ActiveCfg = Release|Any CPU
		{E3DE1E62-3C0A-4C45-AC18-1DA7CDBD84FE}.Release|Any CPU.Build.0 = Release|Any CPU
		{2E1927DB-477F-4607-B0CC-BE592FC01BE9}.Debug|Any CPU.ActiveCfg = Debug|Any CPU
		{2E1927DB-477F-4607-B0CC-BE592FC01BE9}.Debug|Any CPU.Build.0 = Debug|Any CPU
		{2E1927DB-477F-4607-B0CC-BE592FC01BE9}.Release|Any CPU.ActiveCfg = Release|Any CPU
		{2E1927DB-477F-4607-B0CC-BE592FC01BE9}.Release|Any CPU.Build.0 = Release|Any CPU
		{F6D27B31-1C3A-4E7E-8D28-87A34576C08B}.Debug|Any CPU.ActiveCfg = Debug|Any CPU
		{F6D27B31-1C3A-4E7E-8D28-87A34576C08B}.Debug|Any CPU.Build.0 = Debug|Any CPU
		{F6D27B31-1C3A-4E7E-8D28-87A34576C08B}.Release|Any CPU.ActiveCfg = Release|Any CPU
		{F6D27B31-1C3A-4E7E-8D28-87A34576C08B}.Release|Any CPU.Build.0 = Release|Any CPU
		{B8226E4F-108C-4139-A475-F0CF7E4AFA6D}.Debug|Any CPU.ActiveCfg = Debug|Any CPU
		{B8226E4F-108C-4139-A475-F0CF7E4AFA6D}.Debug|Any CPU.Build.0 = Debug|Any CPU
		{B8226E4F-108C-4139-A475-F0CF7E4AFA6D}.Release|Any CPU.ActiveCfg = Release|Any CPU
		{B8226E4F-108C-4139-A475-F0CF7E4AFA6D}.Release|Any CPU.Build.0 = Release|Any CPU
		{76FBE2A2-7110-4C8F-B347-334F5D6D2335}.Debug|Any CPU.ActiveCfg = Debug|Any CPU
		{76FBE2A2-7110-4C8F-B347-334F5D6D2335}.Debug|Any CPU.Build.0 = Debug|Any CPU
		{76FBE2A2-7110-4C8F-B347-334F5D6D2335}.Release|Any CPU.ActiveCfg = Release|Any CPU
		{76FBE2A2-7110-4C8F-B347-334F5D6D2335}.Release|Any CPU.Build.0 = Release|Any CPU
		{36F56A8E-0EF7-492A-8134-834D7CC7E04B}.Debug|Any CPU.ActiveCfg = Debug|Any CPU
		{36F56A8E-0EF7-492A-8134-834D7CC7E04B}.Debug|Any CPU.Build.0 = Debug|Any CPU
		{36F56A8E-0EF7-492A-8134-834D7CC7E04B}.Release|Any CPU.ActiveCfg = Release|Any CPU
		{36F56A8E-0EF7-492A-8134-834D7CC7E04B}.Release|Any CPU.Build.0 = Release|Any CPU
		{200D5335-F1BC-47E8-897C-EE78F7353FDE}.Debug|Any CPU.ActiveCfg = Debug|Any CPU
		{200D5335-F1BC-47E8-897C-EE78F7353FDE}.Debug|Any CPU.Build.0 = Debug|Any CPU
		{200D5335-F1BC-47E8-897C-EE78F7353FDE}.Release|Any CPU.ActiveCfg = Release|Any CPU
		{200D5335-F1BC-47E8-897C-EE78F7353FDE}.Release|Any CPU.Build.0 = Release|Any CPU
		{6EE2B2BA-2B42-4982-971C-E62829E2A15D}.Debug|Any CPU.ActiveCfg = Debug|Any CPU
		{6EE2B2BA-2B42-4982-971C-E62829E2A15D}.Debug|Any CPU.Build.0 = Debug|Any CPU
		{6EE2B2BA-2B42-4982-971C-E62829E2A15D}.Release|Any CPU.ActiveCfg = Release|Any CPU
		{6EE2B2BA-2B42-4982-971C-E62829E2A15D}.Release|Any CPU.Build.0 = Release|Any CPU
		{26782425-6850-4ED1-A69E-88C450E1B430}.Debug|Any CPU.ActiveCfg = Debug|Any CPU
		{26782425-6850-4ED1-A69E-88C450E1B430}.Debug|Any CPU.Build.0 = Debug|Any CPU
		{26782425-6850-4ED1-A69E-88C450E1B430}.Release|Any CPU.ActiveCfg = Release|Any CPU
		{26782425-6850-4ED1-A69E-88C450E1B430}.Release|Any CPU.Build.0 = Release|Any CPU
		{809A7968-4461-4FF9-B157-2808DD022F79}.Debug|Any CPU.ActiveCfg = Debug|Any CPU
		{809A7968-4461-4FF9-B157-2808DD022F79}.Debug|Any CPU.Build.0 = Debug|Any CPU
		{809A7968-4461-4FF9-B157-2808DD022F79}.Release|Any CPU.ActiveCfg = Release|Any CPU
		{809A7968-4461-4FF9-B157-2808DD022F79}.Release|Any CPU.Build.0 = Release|Any CPU
		{1D1F47A7-5C16-4CA5-B7EA-0AE764113955}.Debug|Any CPU.ActiveCfg = Debug|Any CPU
		{1D1F47A7-5C16-4CA5-B7EA-0AE764113955}.Debug|Any CPU.Build.0 = Debug|Any CPU
		{1D1F47A7-5C16-4CA5-B7EA-0AE764113955}.Release|Any CPU.ActiveCfg = Release|Any CPU
		{1D1F47A7-5C16-4CA5-B7EA-0AE764113955}.Release|Any CPU.Build.0 = Release|Any CPU
		{7FF76BD9-E643-4B2D-B36A-DDD3B3FD627F}.Debug|Any CPU.ActiveCfg = Debug|Any CPU
		{7FF76BD9-E643-4B2D-B36A-DDD3B3FD627F}.Debug|Any CPU.Build.0 = Debug|Any CPU
		{7FF76BD9-E643-4B2D-B36A-DDD3B3FD627F}.Release|Any CPU.ActiveCfg = Release|Any CPU
		{7FF76BD9-E643-4B2D-B36A-DDD3B3FD627F}.Release|Any CPU.Build.0 = Release|Any CPU
		{03C8C426-55A4-4D09-B356-B8A78E54ED76}.Debug|Any CPU.ActiveCfg = Debug|Any CPU
		{03C8C426-55A4-4D09-B356-B8A78E54ED76}.Debug|Any CPU.Build.0 = Debug|Any CPU
		{03C8C426-55A4-4D09-B356-B8A78E54ED76}.Release|Any CPU.ActiveCfg = Release|Any CPU
		{03C8C426-55A4-4D09-B356-B8A78E54ED76}.Release|Any CPU.Build.0 = Release|Any CPU
		{875ECD22-B216-407B-B4AC-2EAA439FD755}.Debug|Any CPU.ActiveCfg = Debug|Any CPU
		{875ECD22-B216-407B-B4AC-2EAA439FD755}.Debug|Any CPU.Build.0 = Debug|Any CPU
		{875ECD22-B216-407B-B4AC-2EAA439FD755}.Release|Any CPU.ActiveCfg = Release|Any CPU
		{875ECD22-B216-407B-B4AC-2EAA439FD755}.Release|Any CPU.Build.0 = Release|Any CPU
		{A55652B1-D867-4FC0-AC91-D0D418E51379}.Debug|Any CPU.ActiveCfg = Debug|Any CPU
		{A55652B1-D867-4FC0-AC91-D0D418E51379}.Debug|Any CPU.Build.0 = Debug|Any CPU
		{A55652B1-D867-4FC0-AC91-D0D418E51379}.Release|Any CPU.ActiveCfg = Release|Any CPU
		{A55652B1-D867-4FC0-AC91-D0D418E51379}.Release|Any CPU.Build.0 = Release|Any CPU
		{A5EAFB26-AF48-4B74-9156-C5F448B04251}.Debug|Any CPU.ActiveCfg = Debug|Any CPU
		{A5EAFB26-AF48-4B74-9156-C5F448B04251}.Debug|Any CPU.Build.0 = Debug|Any CPU
		{A5EAFB26-AF48-4B74-9156-C5F448B04251}.Release|Any CPU.ActiveCfg = Release|Any CPU
		{A5EAFB26-AF48-4B74-9156-C5F448B04251}.Release|Any CPU.Build.0 = Release|Any CPU
		{22DEABD6-6C4F-4D19-920B-12DA09C91664}.Debug|Any CPU.ActiveCfg = Debug|Any CPU
		{22DEABD6-6C4F-4D19-920B-12DA09C91664}.Debug|Any CPU.Build.0 = Debug|Any CPU
		{22DEABD6-6C4F-4D19-920B-12DA09C91664}.Release|Any CPU.ActiveCfg = Release|Any CPU
		{22DEABD6-6C4F-4D19-920B-12DA09C91664}.Release|Any CPU.Build.0 = Release|Any CPU
		{80074131-D48A-4476-9C3B-EBA2E1E321A2}.Debug|Any CPU.ActiveCfg = Debug|Any CPU
		{80074131-D48A-4476-9C3B-EBA2E1E321A2}.Debug|Any CPU.Build.0 = Debug|Any CPU
		{80074131-D48A-4476-9C3B-EBA2E1E321A2}.Release|Any CPU.ActiveCfg = Release|Any CPU
		{80074131-D48A-4476-9C3B-EBA2E1E321A2}.Release|Any CPU.Build.0 = Release|Any CPU
		{B607EA7C-BE9C-4E43-B181-43886A183233}.Debug|Any CPU.ActiveCfg = Debug|Any CPU
		{B607EA7C-BE9C-4E43-B181-43886A183233}.Debug|Any CPU.Build.0 = Debug|Any CPU
		{B607EA7C-BE9C-4E43-B181-43886A183233}.Release|Any CPU.ActiveCfg = Release|Any CPU
		{B607EA7C-BE9C-4E43-B181-43886A183233}.Release|Any CPU.Build.0 = Release|Any CPU
		{7D054221-29FC-40B0-B611-5141DE244DA3}.Debug|Any CPU.ActiveCfg = Debug|Any CPU
		{7D054221-29FC-40B0-B611-5141DE244DA3}.Debug|Any CPU.Build.0 = Debug|Any CPU
		{7D054221-29FC-40B0-B611-5141DE244DA3}.Release|Any CPU.ActiveCfg = Release|Any CPU
		{7D054221-29FC-40B0-B611-5141DE244DA3}.Release|Any CPU.Build.0 = Release|Any CPU
		{D6E54165-B2D0-4066-90F4-C4840AA94F16}.Debug|Any CPU.ActiveCfg = Debug|Any CPU
		{D6E54165-B2D0-4066-90F4-C4840AA94F16}.Debug|Any CPU.Build.0 = Debug|Any CPU
		{D6E54165-B2D0-4066-90F4-C4840AA94F16}.Release|Any CPU.ActiveCfg = Release|Any CPU
		{D6E54165-B2D0-4066-90F4-C4840AA94F16}.Release|Any CPU.Build.0 = Release|Any CPU
	EndGlobalSection
	GlobalSection(SolutionProperties) = preSolution
		HideSolutionNode = FALSE
	EndGlobalSection
	GlobalSection(ExtensibilityGlobals) = postSolution
		SolutionGuid = {587FDC51-3893-4FED-B761-F42359E824FC}
	EndGlobalSection
EndGlobal
