
Microsoft Visual Studio Solution File, Format Version 12.00
# Visual Studio 15
VisualStudioVersion = 15.0.28307.329
MinimumVisualStudioVersion = 10.0.40219.1
Project("{FAE04EC0-301F-11D3-BF4B-00C04F79EFBC}") = "Xamarin.Info.Android", "Xamarin.Info\Xamarin.Info.Android\Xamarin.Info.Android.csproj", "{3654420A-B249-47E6-BCB0-676567906C6A}"
EndProject
Project("{FAE04EC0-301F-11D3-BF4B-00C04F79EFBC}") = "Xamarin.Info", "Xamarin.Info\Xamarin.Info\Xamarin.Info.csproj", "{BB5907CC-9508-428B-9E56-046BA6160E3F}"
EndProject
Global
	GlobalSection(SolutionConfigurationPlatforms) = preSolution
		Debug|Any CPU = Debug|Any CPU
		Release|Any CPU = Release|Any CPU
	EndGlobalSection
	GlobalSection(ProjectConfigurationPlatforms) = postSolution
		{3654420A-B249-47E6-BCB0-676567906C6A}.Debug|Any CPU.ActiveCfg = Debug|Any CPU
		{3654420A-B249-47E6-BCB0-676567906C6A}.Debug|Any CPU.Build.0 = Debug|Any CPU
		{3654420A-B249-47E6-BCB0-676567906C6A}.Debug|Any CPU.Deploy.0 = Debug|Any CPU
		{3654420A-B249-47E6-BCB0-676567906C6A}.Release|Any CPU.ActiveCfg = Release|Any CPU
		{3654420A-B249-47E6-BCB0-676567906C6A}.Release|Any CPU.Build.0 = Release|Any CPU
		{3654420A-B249-47E6-BCB0-676567906C6A}.Release|Any CPU.Deploy.0 = Release|Any CPU
		{BB5907CC-9508-428B-9E56-046BA6160E3F}.Debug|Any CPU.ActiveCfg = Debug|Any CPU
		{BB5907CC-9508-428B-9E56-046BA6160E3F}.Debug|Any CPU.Build.0 = Debug|Any CPU
		{BB5907CC-9508-428B-9E56-046BA6160E3F}.Release|Any CPU.ActiveCfg = Release|Any CPU
		{BB5907CC-9508-428B-9E56-046BA6160E3F}.Release|Any CPU.Build.0 = Release|Any CPU
	EndGlobalSection
	GlobalSection(SolutionProperties) = preSolution
		HideSolutionNode = FALSE
	EndGlobalSection
	GlobalSection(ExtensibilityGlobals) = postSolution
		SolutionGuid = {B4EF56C2-A705-487C-A5DA-ED8A0400D920}
	EndGlobalSection
EndGlobal
